
Microsoft Visual Studio Solution File, Format Version 12.00
# Visual Studio Version 17
VisualStudioVersion = 17.13.35919.96
MinimumVisualStudioVersion = 10.0.40219.1
Project("{8BC9CEB8-8B4A-11D0-8D11-00A0C91BC942}") = "HelloWorld", "HelloWorld\HelloWorld.vcxproj", "{4A883105-609E-49AD-A810-2CF709212AB7}"
EndProject
Project("{8BC9CEB8-8B4A-11D0-8D11-00A0C91BC942}") = "DataTypes", "DataTypes\DataTypes.vcxproj", "{0AF1CDE3-E4B0-4967-B880-5165A12E96AC}"
EndProject
Project("{8BC9CEB8-8B4A-11D0-8D11-00A0C91BC942}") = "User Data Types", "User Data Types\User Data Types.vcxproj", "{57110984-DF2C-4A15-A953-4FEC4FC09189}"
EndProject
Project("{8BC9CEB8-8B4A-11D0-8D11-00A0C91BC942}") = "Containers", "Containers\Containers.vcxproj", "{61A849EF-657A-418C-80CD-6B11342A9D2A}"
EndProject
Project("{8BC9CEB8-8B4A-11D0-8D11-00A0C91BC942}") = "Pointers", "Pointers\Pointers.vcxproj", "{67C3C1AE-5FA4-4704-9BDD-307D34915773}"
EndProject
Project("{8BC9CEB8-8B4A-11D0-8D11-00A0C91BC942}") = "References", "References\References.vcxproj", "{3796122E-C69F-4D0F-A739-9B2AD5E848B6}"
EndProject
Project("{8BC9CEB8-8B4A-11D0-8D11-00A0C91BC942}") = "MemoryReview", "MemoryReview\MemoryReview.vcxproj", "{80D63190-C743-44A6-98DE-23C21B842D76}"
EndProject
Project("{8BC9CEB8-8B4A-11D0-8D11-00A0C91BC942}") = "OOP", "OOP\OOP.vcxproj", "{56CEE5F3-FE04-4C82-884A-868ABE51D2EF}"
EndProject
Global
	GlobalSection(SolutionConfigurationPlatforms) = preSolution
		Debug|x64 = Debug|x64
		Debug|x86 = Debug|x86
		Release|x64 = Release|x64
		Release|x86 = Release|x86
	EndGlobalSection
	GlobalSection(ProjectConfigurationPlatforms) = postSolution
		{4A883105-609E-49AD-A810-2CF709212AB7}.Debug|x64.ActiveCfg = Debug|x64
		{4A883105-609E-49AD-A810-2CF709212AB7}.Debug|x64.Build.0 = Debug|x64
		{4A883105-609E-49AD-A810-2CF709212AB7}.Debug|x86.ActiveCfg = Debug|Win32
		{4A883105-609E-49AD-A810-2CF709212AB7}.Debug|x86.Build.0 = Debug|Win32
		{4A883105-609E-49AD-A810-2CF709212AB7}.Release|x64.ActiveCfg = Release|x64
		{4A883105-609E-49AD-A810-2CF709212AB7}.Release|x64.Build.0 = Release|x64
		{4A883105-609E-49AD-A810-2CF709212AB7}.Release|x86.ActiveCfg = Release|Win32
		{4A883105-609E-49AD-A810-2CF709212AB7}.Release|x86.Build.0 = Release|Win32
		{0AF1CDE3-E4B0-4967-B880-5165A12E96AC}.Debug|x64.ActiveCfg = Debug|x64
		{0AF1CDE3-E4B0-4967-B880-5165A12E96AC}.Debug|x64.Build.0 = Debug|x64
		{0AF1CDE3-E4B0-4967-B880-5165A12E96AC}.Debug|x86.ActiveCfg = Debug|Win32
		{0AF1CDE3-E4B0-4967-B880-5165A12E96AC}.Debug|x86.Build.0 = Debug|Win32
		{0AF1CDE3-E4B0-4967-B880-5165A12E96AC}.Release|x64.ActiveCfg = Release|x64
		{0AF1CDE3-E4B0-4967-B880-5165A12E96AC}.Release|x64.Build.0 = Release|x64
		{0AF1CDE3-E4B0-4967-B880-5165A12E96AC}.Release|x86.ActiveCfg = Release|Win32
		{0AF1CDE3-E4B0-4967-B880-5165A12E96AC}.Release|x86.Build.0 = Release|Win32
		{57110984-DF2C-4A15-A953-4FEC4FC09189}.Debug|x64.ActiveCfg = Debug|x64
		{57110984-DF2C-4A15-A953-4FEC4FC09189}.Debug|x64.Build.0 = Debug|x64
		{57110984-DF2C-4A15-A953-4FEC4FC09189}.Debug|x86.ActiveCfg = Debug|Win32
		{57110984-DF2C-4A15-A953-4FEC4FC09189}.Debug|x86.Build.0 = Debug|Win32
		{57110984-DF2C-4A15-A953-4FEC4FC09189}.Release|x64.ActiveCfg = Release|x64
		{57110984-DF2C-4A15-A953-4FEC4FC09189}.Release|x64.Build.0 = Release|x64
		{57110984-DF2C-4A15-A953-4FEC4FC09189}.Release|x86.ActiveCfg = Release|Win32
		{57110984-DF2C-4A15-A953-4FEC4FC09189}.Release|x86.Build.0 = Release|Win32
		{61A849EF-657A-418C-80CD-6B11342A9D2A}.Debug|x64.ActiveCfg = Debug|x64
		{61A849EF-657A-418C-80CD-6B11342A9D2A}.Debug|x64.Build.0 = Debug|x64
		{61A849EF-657A-418C-80CD-6B11342A9D2A}.Debug|x86.ActiveCfg = Debug|Win32
		{61A849EF-657A-418C-80CD-6B11342A9D2A}.Debug|x86.Build.0 = Debug|Win32
		{61A849EF-657A-418C-80CD-6B11342A9D2A}.Release|x64.ActiveCfg = Release|x64
		{61A849EF-657A-418C-80CD-6B11342A9D2A}.Release|x64.Build.0 = Release|x64
		{61A849EF-657A-418C-80CD-6B11342A9D2A}.Release|x86.ActiveCfg = Release|Win32
		{61A849EF-657A-418C-80CD-6B11342A9D2A}.Release|x86.Build.0 = Release|Win32
		{67C3C1AE-5FA4-4704-9BDD-307D34915773}.Debug|x64.ActiveCfg = Debug|x64
		{67C3C1AE-5FA4-4704-9BDD-307D34915773}.Debug|x64.Build.0 = Debug|x64
		{67C3C1AE-5FA4-4704-9BDD-307D34915773}.Debug|x86.ActiveCfg = Debug|Win32
		{67C3C1AE-5FA4-4704-9BDD-307D34915773}.Debug|x86.Build.0 = Debug|Win32
		{67C3C1AE-5FA4-4704-9BDD-307D34915773}.Release|x64.ActiveCfg = Release|x64
		{67C3C1AE-5FA4-4704-9BDD-307D34915773}.Release|x64.Build.0 = Release|x64
		{67C3C1AE-5FA4-4704-9BDD-307D34915773}.Release|x86.ActiveCfg = Release|Win32
		{67C3C1AE-5FA4-4704-9BDD-307D34915773}.Release|x86.Build.0 = Release|Win32
		{3796122E-C69F-4D0F-A739-9B2AD5E848B6}.Debug|x64.ActiveCfg = Debug|x64
		{3796122E-C69F-4D0F-A739-9B2AD5E848B6}.Debug|x64.Build.0 = Debug|x64
		{3796122E-C69F-4D0F-A739-9B2AD5E848B6}.Debug|x86.ActiveCfg = Debug|Win32
		{3796122E-C69F-4D0F-A739-9B2AD5E848B6}.Debug|x86.Build.0 = Debug|Win32
		{3796122E-C69F-4D0F-A739-9B2AD5E848B6}.Release|x64.ActiveCfg = Release|x64
		{3796122E-C69F-4D0F-A739-9B2AD5E848B6}.Release|x64.Build.0 = Release|x64
		{3796122E-C69F-4D0F-A739-9B2AD5E848B6}.Release|x86.ActiveCfg = Release|Win32
		{3796122E-C69F-4D0F-A739-9B2AD5E848B6}.Release|x86.Build.0 = Release|Win32
		{80D63190-C743-44A6-98DE-23C21B842D76}.Debug|x64.ActiveCfg = Debug|x64
		{80D63190-C743-44A6-98DE-23C21B842D76}.Debug|x64.Build.0 = Debug|x64
		{80D63190-C743-44A6-98DE-23C21B842D76}.Debug|x86.ActiveCfg = Debug|Win32
		{80D63190-C743-44A6-98DE-23C21B842D76}.Debug|x86.Build.0 = Debug|Win32
		{80D63190-C743-44A6-98DE-23C21B842D76}.Release|x64.ActiveCfg = Release|x64
		{80D63190-C743-44A6-98DE-23C21B842D76}.Release|x64.Build.0 = Release|x64
		{80D63190-C743-44A6-98DE-23C21B842D76}.Release|x86.ActiveCfg = Release|Win32
		{80D63190-C743-44A6-98DE-23C21B842D76}.Release|x86.Build.0 = Release|Win32
		{56CEE5F3-FE04-4C82-884A-868ABE51D2EF}.Debug|x64.ActiveCfg = Debug|x64
		{56CEE5F3-FE04-4C82-884A-868ABE51D2EF}.Debug|x64.Build.0 = Debug|x64
		{56CEE5F3-FE04-4C82-884A-868ABE51D2EF}.Debug|x86.ActiveCfg = Debug|Win32
		{56CEE5F3-FE04-4C82-884A-868ABE51D2EF}.Debug|x86.Build.0 = Debug|Win32
		{56CEE5F3-FE04-4C82-884A-868ABE51D2EF}.Release|x64.ActiveCfg = Release|x64
		{56CEE5F3-FE04-4C82-884A-868ABE51D2EF}.Release|x64.Build.0 = Release|x64
		{56CEE5F3-FE04-4C82-884A-868ABE51D2EF}.Release|x86.ActiveCfg = Release|Win32
		{56CEE5F3-FE04-4C82-884A-868ABE51D2EF}.Release|x86.Build.0 = Release|Win32
	EndGlobalSection
	GlobalSection(SolutionProperties) = preSolution
		HideSolutionNode = FALSE
	EndGlobalSection
	GlobalSection(ExtensibilityGlobals) = postSolution
		SolutionGuid = {50D0F5D1-9B7E-4DB7-9DC3-32BA2444366A}
	EndGlobalSection
EndGlobal
